
Microsoft Visual Studio Solution File, Format Version 12.00
# Visual Studio Version 17
VisualStudioVersion = 17.5.33627.172
MinimumVisualStudioVersion = 10.0.40219.1
Project("{2150E333-8FDC-42A3-9474-1A3956D46DE8}") = "01. Clients", "01. Clients", "{E130ACF4-4740-43A4-A385-9ECE6B3DB376}"
EndProject
Project("{2150E333-8FDC-42A3-9474-1A3956D46DE8}") = "02. Api.Gateways", "02. Api.Gateways", "{34B9E960-C3D9-4ED6-9FF6-392A283CAED6}"
EndProject
Project("{2150E333-8FDC-42A3-9474-1A3956D46DE8}") = "03. Services", "03. Services", "{19AA5D2C-42C4-43FC-AF59-82456D298E60}"
EndProject
Project("{2150E333-8FDC-42A3-9474-1A3956D46DE8}") = "01. Identity", "01. Identity", "{321915D8-8438-4C9D-B2BF-25A14C044047}"
EndProject
Project("{2150E333-8FDC-42A3-9474-1A3956D46DE8}") = "02. Catalog", "02. Catalog", "{BF317BCE-33AE-4203-9154-CBEBA6574327}"
EndProject
Project("{2150E333-8FDC-42A3-9474-1A3956D46DE8}") = "03. Customer", "03. Customer", "{DC35FFEE-72CD-4908-B62A-8A4E99B77A16}"
EndProject
Project("{2150E333-8FDC-42A3-9474-1A3956D46DE8}") = "04. Order", "04. Order", "{02C932F4-0199-45EA-BEBF-7CEC492C1A88}"
EndProject
Project("{FAE04EC0-301F-11D3-BF4B-00C04F79EFBC}") = "Catalog.Api", "src\Services\Catalog\Catalog.Api\Catalog.Api.csproj", "{717D8DF3-014C-4CF0-9891-04FEC1ABD242}"
EndProject
Project("{2150E333-8FDC-42A3-9474-1A3956D46DE8}") = "01. Api", "01. Api", "{913E15FA-3481-41BD-8F2C-64245521A8F9}"
EndProject
Project("{2150E333-8FDC-42A3-9474-1A3956D46DE8}") = "02. Services", "02. Services", "{D75B39C3-B918-495F-A7BE-054577EBB9C7}"
EndProject
Project("{2150E333-8FDC-42A3-9474-1A3956D46DE8}") = "03. Persistence", "03. Persistence", "{A371C00F-B097-4AF3-BE88-D83D30A6C3E6}"
EndProject
Project("{2150E333-8FDC-42A3-9474-1A3956D46DE8}") = "04. Model", "04. Model", "{8DB2B435-9C0E-4C8D-BDD0-235C328175F4}"
EndProject
Project("{FAE04EC0-301F-11D3-BF4B-00C04F79EFBC}") = "Catalog.Domain", "src\Services\Catalog\Catalog.Domain\Catalog.Domain.csproj", "{07272010-C681-4D68-8079-A67D2DB62E99}"
EndProject
Project("{FAE04EC0-301F-11D3-BF4B-00C04F79EFBC}") = "Catalog.Persistence.DataBase", "src\Services\Catalog\Catalog.Persistence.DataBase\Catalog.Persistence.DataBase.csproj", "{6009A896-9E90-4BBB-BE29-C54C9D5B66C8}"
EndProject
Project("{FAE04EC0-301F-11D3-BF4B-00C04F79EFBC}") = "Catalog.Service.Queries", "src\Services\Catalog\Catalog.Service.Queries\Catalog.Service.Queries.csproj", "{C325F411-C552-4234-8BFF-25DAA6401168}"
EndProject
Project("{2150E333-8FDC-42A3-9474-1A3956D46DE8}") = "Common", "Common", "{B7FB239D-C8CF-439D-9069-EA1588B2733B}"
EndProject
Project("{FAE04EC0-301F-11D3-BF4B-00C04F79EFBC}") = "Service.Common.Collection", "src\Services\Common\Service.Common.Collection\Service.Common.Collection.csproj", "{A9C6A596-A395-42E8-8545-35F2D04AF58F}"
EndProject
Project("{FAE04EC0-301F-11D3-BF4B-00C04F79EFBC}") = "Service.Common.Mapping", "src\Services\Common\Service.Common.Mapping\Service.Common.Mapping.csproj", "{95A3FC12-CCE0-4723-822B-B2CEBD33BD97}"
EndProject
Project("{FAE04EC0-301F-11D3-BF4B-00C04F79EFBC}") = "Service.Common.Paging", "src\Services\Common\Service.Common.Paging\Service.Common.Paging.csproj", "{B9CD1425-26CA-40AB-B99B-8423D2158BCC}"
EndProject
Global
	GlobalSection(SolutionConfigurationPlatforms) = preSolution
		Debug|Any CPU = Debug|Any CPU
		Release|Any CPU = Release|Any CPU
	EndGlobalSection
	GlobalSection(ProjectConfigurationPlatforms) = postSolution
		{717D8DF3-014C-4CF0-9891-04FEC1ABD242}.Debug|Any CPU.ActiveCfg = Debug|Any CPU
		{717D8DF3-014C-4CF0-9891-04FEC1ABD242}.Debug|Any CPU.Build.0 = Debug|Any CPU
		{717D8DF3-014C-4CF0-9891-04FEC1ABD242}.Release|Any CPU.ActiveCfg = Release|Any CPU
		{717D8DF3-014C-4CF0-9891-04FEC1ABD242}.Release|Any CPU.Build.0 = Release|Any CPU
		{07272010-C681-4D68-8079-A67D2DB62E99}.Debug|Any CPU.ActiveCfg = Debug|Any CPU
		{07272010-C681-4D68-8079-A67D2DB62E99}.Debug|Any CPU.Build.0 = Debug|Any CPU
		{07272010-C681-4D68-8079-A67D2DB62E99}.Release|Any CPU.ActiveCfg = Release|Any CPU
		{07272010-C681-4D68-8079-A67D2DB62E99}.Release|Any CPU.Build.0 = Release|Any CPU
		{6009A896-9E90-4BBB-BE29-C54C9D5B66C8}.Debug|Any CPU.ActiveCfg = Debug|Any CPU
		{6009A896-9E90-4BBB-BE29-C54C9D5B66C8}.Debug|Any CPU.Build.0 = Debug|Any CPU
		{6009A896-9E90-4BBB-BE29-C54C9D5B66C8}.Release|Any CPU.ActiveCfg = Release|Any CPU
		{6009A896-9E90-4BBB-BE29-C54C9D5B66C8}.Release|Any CPU.Build.0 = Release|Any CPU
		{C325F411-C552-4234-8BFF-25DAA6401168}.Debug|Any CPU.ActiveCfg = Debug|Any CPU
		{C325F411-C552-4234-8BFF-25DAA6401168}.Debug|Any CPU.Build.0 = Debug|Any CPU
		{C325F411-C552-4234-8BFF-25DAA6401168}.Release|Any CPU.ActiveCfg = Release|Any CPU
		{C325F411-C552-4234-8BFF-25DAA6401168}.Release|Any CPU.Build.0 = Release|Any CPU
		{A9C6A596-A395-42E8-8545-35F2D04AF58F}.Debug|Any CPU.ActiveCfg = Debug|Any CPU
		{A9C6A596-A395-42E8-8545-35F2D04AF58F}.Debug|Any CPU.Build.0 = Debug|Any CPU
		{A9C6A596-A395-42E8-8545-35F2D04AF58F}.Release|Any CPU.ActiveCfg = Release|Any CPU
		{A9C6A596-A395-42E8-8545-35F2D04AF58F}.Release|Any CPU.Build.0 = Release|Any CPU
		{95A3FC12-CCE0-4723-822B-B2CEBD33BD97}.Debug|Any CPU.ActiveCfg = Debug|Any CPU
		{95A3FC12-CCE0-4723-822B-B2CEBD33BD97}.Debug|Any CPU.Build.0 = Debug|Any CPU
		{95A3FC12-CCE0-4723-822B-B2CEBD33BD97}.Release|Any CPU.ActiveCfg = Release|Any CPU
		{95A3FC12-CCE0-4723-822B-B2CEBD33BD97}.Release|Any CPU.Build.0 = Release|Any CPU
		{B9CD1425-26CA-40AB-B99B-8423D2158BCC}.Debug|Any CPU.ActiveCfg = Debug|Any CPU
		{B9CD1425-26CA-40AB-B99B-8423D2158BCC}.Debug|Any CPU.Build.0 = Debug|Any CPU
		{B9CD1425-26CA-40AB-B99B-8423D2158BCC}.Release|Any CPU.ActiveCfg = Release|Any CPU
		{B9CD1425-26CA-40AB-B99B-8423D2158BCC}.Release|Any CPU.Build.0 = Release|Any CPU
	EndGlobalSection
	GlobalSection(SolutionProperties) = preSolution
		HideSolutionNode = FALSE
	EndGlobalSection
	GlobalSection(NestedProjects) = preSolution
		{321915D8-8438-4C9D-B2BF-25A14C044047} = {19AA5D2C-42C4-43FC-AF59-82456D298E60}
		{BF317BCE-33AE-4203-9154-CBEBA6574327} = {19AA5D2C-42C4-43FC-AF59-82456D298E60}
		{DC35FFEE-72CD-4908-B62A-8A4E99B77A16} = {19AA5D2C-42C4-43FC-AF59-82456D298E60}
		{02C932F4-0199-45EA-BEBF-7CEC492C1A88} = {19AA5D2C-42C4-43FC-AF59-82456D298E60}
		{717D8DF3-014C-4CF0-9891-04FEC1ABD242} = {913E15FA-3481-41BD-8F2C-64245521A8F9}
		{913E15FA-3481-41BD-8F2C-64245521A8F9} = {BF317BCE-33AE-4203-9154-CBEBA6574327}
		{D75B39C3-B918-495F-A7BE-054577EBB9C7} = {BF317BCE-33AE-4203-9154-CBEBA6574327}
		{A371C00F-B097-4AF3-BE88-D83D30A6C3E6} = {BF317BCE-33AE-4203-9154-CBEBA6574327}
		{8DB2B435-9C0E-4C8D-BDD0-235C328175F4} = {BF317BCE-33AE-4203-9154-CBEBA6574327}
		{07272010-C681-4D68-8079-A67D2DB62E99} = {8DB2B435-9C0E-4C8D-BDD0-235C328175F4}
		{6009A896-9E90-4BBB-BE29-C54C9D5B66C8} = {A371C00F-B097-4AF3-BE88-D83D30A6C3E6}
		{C325F411-C552-4234-8BFF-25DAA6401168} = {D75B39C3-B918-495F-A7BE-054577EBB9C7}
		{B7FB239D-C8CF-439D-9069-EA1588B2733B} = {19AA5D2C-42C4-43FC-AF59-82456D298E60}
		{A9C6A596-A395-42E8-8545-35F2D04AF58F} = {B7FB239D-C8CF-439D-9069-EA1588B2733B}
		{95A3FC12-CCE0-4723-822B-B2CEBD33BD97} = {B7FB239D-C8CF-439D-9069-EA1588B2733B}
		{B9CD1425-26CA-40AB-B99B-8423D2158BCC} = {B7FB239D-C8CF-439D-9069-EA1588B2733B}
	EndGlobalSection
	GlobalSection(ExtensibilityGlobals) = postSolution
		SolutionGuid = {25CC67C7-076F-4D84-B5AC-54A00F6CE9EA}
	EndGlobalSection
EndGlobal
