
Microsoft Visual Studio Solution File, Format Version 12.00
# Visual Studio Version 17
VisualStudioVersion = 17.5.33627.172
MinimumVisualStudioVersion = 10.0.40219.1
Project("{2150E333-8FDC-42A3-9474-1A3956D46DE8}") = "01. Clients", "01. Clients", "{E130ACF4-4740-43A4-A385-9ECE6B3DB376}"
EndProject
Project("{2150E333-8FDC-42A3-9474-1A3956D46DE8}") = "02. Api.Gateways", "02. Api.Gateways", "{34B9E960-C3D9-4ED6-9FF6-392A283CAED6}"
EndProject
Project("{2150E333-8FDC-42A3-9474-1A3956D46DE8}") = "03. Services", "03. Services", "{19AA5D2C-42C4-43FC-AF59-82456D298E60}"
EndProject
Project("{2150E333-8FDC-42A3-9474-1A3956D46DE8}") = "01. Identity", "01. Identity", "{321915D8-8438-4C9D-B2BF-25A14C044047}"
EndProject
Project("{2150E333-8FDC-42A3-9474-1A3956D46DE8}") = "02. Catalog", "02. Catalog", "{BF317BCE-33AE-4203-9154-CBEBA6574327}"
EndProject
Project("{2150E333-8FDC-42A3-9474-1A3956D46DE8}") = "03. Customer", "03. Customer", "{DC35FFEE-72CD-4908-B62A-8A4E99B77A16}"
EndProject
Project("{2150E333-8FDC-42A3-9474-1A3956D46DE8}") = "04. Order", "04. Order", "{02C932F4-0199-45EA-BEBF-7CEC492C1A88}"
EndProject
Project("{9A19103F-16F7-4668-BE54-9A1E7A4F7556}") = "Catalog.Api", "src\Services\Catalog\Catalog.Api\Catalog.Api.csproj", "{717D8DF3-014C-4CF0-9891-04FEC1ABD242}"
EndProject
Project("{2150E333-8FDC-42A3-9474-1A3956D46DE8}") = "01. Api", "01. Api", "{913E15FA-3481-41BD-8F2C-64245521A8F9}"
EndProject
Project("{2150E333-8FDC-42A3-9474-1A3956D46DE8}") = "02. Services", "02. Services", "{D75B39C3-B918-495F-A7BE-054577EBB9C7}"
EndProject
Project("{2150E333-8FDC-42A3-9474-1A3956D46DE8}") = "03. Persistence", "03. Persistence", "{A371C00F-B097-4AF3-BE88-D83D30A6C3E6}"
EndProject
Project("{2150E333-8FDC-42A3-9474-1A3956D46DE8}") = "04. Model", "04. Model", "{8DB2B435-9C0E-4C8D-BDD0-235C328175F4}"
EndProject
Project("{9A19103F-16F7-4668-BE54-9A1E7A4F7556}") = "Catalog.Domain", "src\Services\Catalog\Catalog.Domain\Catalog.Domain.csproj", "{07272010-C681-4D68-8079-A67D2DB62E99}"
EndProject
Project("{9A19103F-16F7-4668-BE54-9A1E7A4F7556}") = "Catalog.Persistence.DataBase", "src\Services\Catalog\Catalog.Persistence.DataBase\Catalog.Persistence.DataBase.csproj", "{6009A896-9E90-4BBB-BE29-C54C9D5B66C8}"
EndProject
Project("{9A19103F-16F7-4668-BE54-9A1E7A4F7556}") = "Catalog.Service.Queries", "src\Services\Catalog\Catalog.Service.Queries\Catalog.Service.Queries.csproj", "{C325F411-C552-4234-8BFF-25DAA6401168}"
EndProject
Project("{2150E333-8FDC-42A3-9474-1A3956D46DE8}") = "Common", "Common", "{B7FB239D-C8CF-439D-9069-EA1588B2733B}"
EndProject
Project("{9A19103F-16F7-4668-BE54-9A1E7A4F7556}") = "Service.Common.Collection", "src\Services\Common\Service.Common.Collection\Service.Common.Collection.csproj", "{A9C6A596-A395-42E8-8545-35F2D04AF58F}"
EndProject
Project("{9A19103F-16F7-4668-BE54-9A1E7A4F7556}") = "Service.Common.Mapping", "src\Services\Common\Service.Common.Mapping\Service.Common.Mapping.csproj", "{95A3FC12-CCE0-4723-822B-B2CEBD33BD97}"
EndProject
Project("{9A19103F-16F7-4668-BE54-9A1E7A4F7556}") = "Service.Common.Paging", "src\Services\Common\Service.Common.Paging\Service.Common.Paging.csproj", "{B9CD1425-26CA-40AB-B99B-8423D2158BCC}"
EndProject
Project("{9A19103F-16F7-4668-BE54-9A1E7A4F7556}") = "Catalog.Service.EventHandlers", "src\Services\Catalog\Catalog.Service.EventHandlers\Catalog.Service.EventHandlers.csproj", "{314B58AE-A104-47BF-BE83-4EA094679195}"
EndProject
Project("{2150E333-8FDC-42A3-9474-1A3956D46DE8}") = "05. Common", "05. Common", "{B44413D7-5794-4BFD-9ACE-561069876BE6}"
EndProject
Project("{9A19103F-16F7-4668-BE54-9A1E7A4F7556}") = "Catalog.Common", "src\Services\Catalog\Catalog.Common\Catalog.Common.csproj", "{33CEFBC8-C76B-477C-88EA-CBC43827BCAF}"
EndProject
Project("{2150E333-8FDC-42A3-9474-1A3956D46DE8}") = "04. Common", "04. Common", "{4AA39A77-75B2-4CA8-A76A-426F4772CC3E}"
EndProject
Project("{9A19103F-16F7-4668-BE54-9A1E7A4F7556}") = "Common.Logging", "src\Common\Common.Logging\Common.Logging.csproj", "{A72D0F19-21D1-471C-AD66-5CE4FA35D4EF}"
EndProject
Project("{2150E333-8FDC-42A3-9474-1A3956D46DE8}") = "06. Testing", "06. Testing", "{8666987E-8A34-438D-8AD7-2ECD269FF7E5}"
EndProject
Project("{9A19103F-16F7-4668-BE54-9A1E7A4F7556}") = "Catalog.Tests", "src\Services\Catalog\Catalog.Tests\Catalog.Tests.csproj", "{D6D1C66B-2CF6-4C86-A09D-4A9ADF8115F6}"
EndProject
Project("{2150E333-8FDC-42A3-9474-1A3956D46DE8}") = "01. Api", "01. Api", "{514BA41E-2067-4177-B10C-CC1AB41D0046}"
EndProject
Project("{2150E333-8FDC-42A3-9474-1A3956D46DE8}") = "02. Services", "02. Services", "{5DFD5994-4391-4B4D-B124-ECFF1108E59C}"
EndProject
Project("{2150E333-8FDC-42A3-9474-1A3956D46DE8}") = "03. Persistence", "03. Persistence", "{D9D30C19-EC0A-4816-A833-8EF1FC983A16}"
EndProject
Project("{2150E333-8FDC-42A3-9474-1A3956D46DE8}") = "04. Model", "04. Model", "{1EF54984-66FC-4684-850F-C28E2B6E4149}"
EndProject
Project("{9A19103F-16F7-4668-BE54-9A1E7A4F7556}") = "Customer.Domain", "src\Services\Customer\Customer.Domain\Customer.Domain.csproj", "{0A3D7B3B-6C5A-4156-8A9B-9CC039CC28D2}"
EndProject
Project("{9A19103F-16F7-4668-BE54-9A1E7A4F7556}") = "Customer.Persistence.DataBase", "src\Services\Customer\Customer.Persistence.DataBase\Customer.Persistence.DataBase.csproj", "{605FA963-5F66-440B-ABC8-89612491ABC6}"
EndProject
Project("{9A19103F-16F7-4668-BE54-9A1E7A4F7556}") = "Customer.Service.Queries", "src\Services\Customer\Customer.Service.Queries\Customer.Service.Queries.csproj", "{4D801873-B04A-4FB6-9D9E-A99812600971}"
EndProject
Project("{9A19103F-16F7-4668-BE54-9A1E7A4F7556}") = "Customer.Service.EventHandlers", "src\Services\Customer\Customer.Service.EventHandlers\Customer.Service.EventHandlers.csproj", "{263FC544-8F1B-4734-83D5-976364887CCF}"
EndProject
Project("{9A19103F-16F7-4668-BE54-9A1E7A4F7556}") = "Customer.Api", "src\Services\Customer\Customer.Api\Customer.Api.csproj", "{8DC854F8-6A20-4852-ACEF-F72A1B91D412}"
EndProject
Project("{2150E333-8FDC-42A3-9474-1A3956D46DE8}") = "01. Api", "01. Api", "{D5605ACD-7DE6-43AF-8893-80A2EC8AE8A6}"
EndProject
Project("{2150E333-8FDC-42A3-9474-1A3956D46DE8}") = "02. Services", "02. Services", "{F979F47C-814D-4318-B70E-942852CBBA6C}"
EndProject
Project("{2150E333-8FDC-42A3-9474-1A3956D46DE8}") = "03. Persistence", "03. Persistence", "{BEF41724-2582-4ECB-816A-43FB0E550B28}"
EndProject
Project("{2150E333-8FDC-42A3-9474-1A3956D46DE8}") = "04. Model", "04. Model", "{0CAEA01B-CFF5-4B9E-8427-43C49F065F2F}"
EndProject
Project("{9A19103F-16F7-4668-BE54-9A1E7A4F7556}") = "Order.Domain", "src\Services\Order\Order.Domain\Order.Domain.csproj", "{38A5B41E-75F0-4761-A208-7E9CFE82A85A}"
EndProject
Project("{2150E333-8FDC-42A3-9474-1A3956D46DE8}") = "05. Common", "05. Common", "{9FAA7D99-9CB4-4788-81E1-9363AE16B160}"
EndProject
Project("{9A19103F-16F7-4668-BE54-9A1E7A4F7556}") = "Order.Common", "src\Services\Order\Order.Common\Order.Common.csproj", "{8B973E9C-538A-400F-9C17-0D2BEB0BB51F}"
EndProject
Project("{9A19103F-16F7-4668-BE54-9A1E7A4F7556}") = "Order.Service.Queries", "src\Services\Order\Order.Service.Queries\Order.Service.Queries.csproj", "{52A32864-959E-4845-A778-C008C9B2DB4A}"
EndProject
Project("{9A19103F-16F7-4668-BE54-9A1E7A4F7556}") = "Order.Service.EventHandlers", "src\Services\Order\Order.Service.EventHandlers\Order.Service.EventHandlers.csproj", "{5E6D11A4-BC2C-4779-B93C-FBDD606DE702}"
EndProject
Project("{9A19103F-16F7-4668-BE54-9A1E7A4F7556}") = "Order.Persistence.DataBase", "src\Services\Order\Order.Persistence.DataBase\Order.Persistence.DataBase.csproj", "{0F1F4DFB-313E-45A0-8225-4166C65355D7}"
EndProject
Project("{9A19103F-16F7-4668-BE54-9A1E7A4F7556}") = "Order.Api", "src\Services\Order\Order.Api\Order.Api.csproj", "{7DAF013D-34FD-4879-AC65-104B68E1DF78}"
EndProject
Project("{9A19103F-16F7-4668-BE54-9A1E7A4F7556}") = "Order.Service.Proxies", "src\Services\Order\Order.Service.Proxies\Order.Service.Proxies.csproj", "{256C205F-BFF0-4B38-98CC-5013928156BB}"
EndProject
Project("{2150E333-8FDC-42A3-9474-1A3956D46DE8}") = "07. Listeners", "07. Listeners", "{49ED4A37-DED8-4DB9-ADA9-F9924C92B9E3}"
EndProject
Project("{9A19103F-16F7-4668-BE54-9A1E7A4F7556}") = "Catalog.Listener", "src\Services\Catalog\Catalog.Listener\Catalog.Listener.csproj", "{482C5E44-27FC-4FEB-9EDA-5B7217E5C89D}"
EndProject
Project("{2150E333-8FDC-42A3-9474-1A3956D46DE8}") = "01. Api", "01. Api", "{8311BA06-A99E-45B8-ACAD-62912281080D}"
EndProject
Project("{2150E333-8FDC-42A3-9474-1A3956D46DE8}") = "02. Services", "02. Services", "{ED375001-FACB-4B4E-A0B2-B090B453CEFA}"
EndProject
Project("{2150E333-8FDC-42A3-9474-1A3956D46DE8}") = "03. Persistence", "03. Persistence", "{4A866D76-80F8-42CC-887D-9A644C17DBA5}"
EndProject
Project("{2150E333-8FDC-42A3-9474-1A3956D46DE8}") = "04. Model", "04. Model", "{ED99E354-4C02-49E1-842A-04F63C183914}"
EndProject
Project("{2150E333-8FDC-42A3-9474-1A3956D46DE8}") = "05. Testing", "05. Testing", "{C6519234-BD5E-474B-8FDA-48226D6BF739}"
EndProject
Project("{9A19103F-16F7-4668-BE54-9A1E7A4F7556}") = "Identity.Domain", "src\Services\Identity\Identity.Domain\Identity.Domain.csproj", "{5142C12D-F6E3-4E9A-8320-BD636DE1119A}"
EndProject
Project("{9A19103F-16F7-4668-BE54-9A1E7A4F7556}") = "Identity.Persistence.DataBase", "src\Services\Identity\Identity.Persistence.DataBase\Identity.Persistence.DataBase.csproj", "{F3CDCA95-FE34-482E-81A1-449BD11CE4C7}"
EndProject
Project("{9A19103F-16F7-4668-BE54-9A1E7A4F7556}") = "Identity.Service.EventHandlers", "src\Services\Identity\Identity.Service.EventHandlers\Identity.Service.EventHandlers.csproj", "{74009343-1FE4-4002-8DA4-6A5AFA271337}"
EndProject
Project("{9A19103F-16F7-4668-BE54-9A1E7A4F7556}") = "Identity.Service.Queries", "src\Services\Identity\Identity.Service.Queries\Identity.Service.Queries.csproj", "{6FF8D311-5D87-42BC-8E88-EF6350576C0F}"
EndProject
Project("{9A19103F-16F7-4668-BE54-9A1E7A4F7556}") = "Identity.Api", "src\Services\Identity\Identity.Api\Identity.Api.csproj", "{635E650D-2326-420F-BFF2-8D82F1547437}"
EndProject
Project("{2150E333-8FDC-42A3-9474-1A3956D46DE8}") = "APIs", "APIs", "{2B4E662D-0FB3-40FA-BADA-49AD00DE9F22}"
EndProject
Project("{9A19103F-16F7-4668-BE54-9A1E7A4F7556}") = "Api.Gateway.WebClient", "src\Gateways\Api.Gateway.WebClient\Api.Gateway.WebClient.csproj", "{7E92BD7A-13DB-4636-933D-A9AF1EBA6735}"
EndProject
Project("{9A19103F-16F7-4668-BE54-9A1E7A4F7556}") = "Api.Gateway.Proxies", "src\Gateways\Api.Gateway.Proxies\Api.Gateway.Proxies.csproj", "{4F46DFA1-A7D5-4006-9EB7-FCBDFEC2FFA1}"
EndProject
Project("{9A19103F-16F7-4668-BE54-9A1E7A4F7556}") = "Api.Gateway.Models", "src\Gateways\Api.Gateway.Models\Api.Gateway.Models.csproj", "{FF092004-3B95-4B4D-A089-8545A6C32413}"
EndProject
Project("{FAE04EC0-301F-11D3-BF4B-00C04F79EFBC}") = "Client.Authentication", "src\Clients\Client.Authentication\Client.Authentication.csproj", "{8C3FA48C-26A2-4686-80E9-4E8F5724A73B}"
EndProject
Project("{FAE04EC0-301F-11D3-BF4B-00C04F79EFBC}") = "Client.WebClient", "src\Clients\Client.WebClient\Client.WebClient.csproj", "{CA97C4FD-7340-4FBE-B37D-6A76288D8A26}"
EndProject
Project("{FAE04EC0-301F-11D3-BF4B-00C04F79EFBC}") = "Api.Gateway.WebClient.Proxy", "src\Gateways\Api.Gateway.WebClient.Proxy\Api.Gateway.WebClient.Proxy.csproj", "{0C5572A2-EC38-45CC-9F73-E23FDF4E25DB}"
EndProject
Global
	GlobalSection(SolutionConfigurationPlatforms) = preSolution
		Debug|Any CPU = Debug|Any CPU
		Release|Any CPU = Release|Any CPU
	EndGlobalSection
	GlobalSection(ProjectConfigurationPlatforms) = postSolution
		{717D8DF3-014C-4CF0-9891-04FEC1ABD242}.Debug|Any CPU.ActiveCfg = Debug|Any CPU
		{717D8DF3-014C-4CF0-9891-04FEC1ABD242}.Debug|Any CPU.Build.0 = Debug|Any CPU
		{717D8DF3-014C-4CF0-9891-04FEC1ABD242}.Release|Any CPU.ActiveCfg = Release|Any CPU
		{717D8DF3-014C-4CF0-9891-04FEC1ABD242}.Release|Any CPU.Build.0 = Release|Any CPU
		{07272010-C681-4D68-8079-A67D2DB62E99}.Debug|Any CPU.ActiveCfg = Debug|Any CPU
		{07272010-C681-4D68-8079-A67D2DB62E99}.Debug|Any CPU.Build.0 = Debug|Any CPU
		{07272010-C681-4D68-8079-A67D2DB62E99}.Release|Any CPU.ActiveCfg = Release|Any CPU
		{07272010-C681-4D68-8079-A67D2DB62E99}.Release|Any CPU.Build.0 = Release|Any CPU
		{6009A896-9E90-4BBB-BE29-C54C9D5B66C8}.Debug|Any CPU.ActiveCfg = Debug|Any CPU
		{6009A896-9E90-4BBB-BE29-C54C9D5B66C8}.Debug|Any CPU.Build.0 = Debug|Any CPU
		{6009A896-9E90-4BBB-BE29-C54C9D5B66C8}.Release|Any CPU.ActiveCfg = Release|Any CPU
		{6009A896-9E90-4BBB-BE29-C54C9D5B66C8}.Release|Any CPU.Build.0 = Release|Any CPU
		{C325F411-C552-4234-8BFF-25DAA6401168}.Debug|Any CPU.ActiveCfg = Debug|Any CPU
		{C325F411-C552-4234-8BFF-25DAA6401168}.Debug|Any CPU.Build.0 = Debug|Any CPU
		{C325F411-C552-4234-8BFF-25DAA6401168}.Release|Any CPU.ActiveCfg = Release|Any CPU
		{C325F411-C552-4234-8BFF-25DAA6401168}.Release|Any CPU.Build.0 = Release|Any CPU
		{A9C6A596-A395-42E8-8545-35F2D04AF58F}.Debug|Any CPU.ActiveCfg = Debug|Any CPU
		{A9C6A596-A395-42E8-8545-35F2D04AF58F}.Debug|Any CPU.Build.0 = Debug|Any CPU
		{A9C6A596-A395-42E8-8545-35F2D04AF58F}.Release|Any CPU.ActiveCfg = Release|Any CPU
		{A9C6A596-A395-42E8-8545-35F2D04AF58F}.Release|Any CPU.Build.0 = Release|Any CPU
		{95A3FC12-CCE0-4723-822B-B2CEBD33BD97}.Debug|Any CPU.ActiveCfg = Debug|Any CPU
		{95A3FC12-CCE0-4723-822B-B2CEBD33BD97}.Debug|Any CPU.Build.0 = Debug|Any CPU
		{95A3FC12-CCE0-4723-822B-B2CEBD33BD97}.Release|Any CPU.ActiveCfg = Release|Any CPU
		{95A3FC12-CCE0-4723-822B-B2CEBD33BD97}.Release|Any CPU.Build.0 = Release|Any CPU
		{B9CD1425-26CA-40AB-B99B-8423D2158BCC}.Debug|Any CPU.ActiveCfg = Debug|Any CPU
		{B9CD1425-26CA-40AB-B99B-8423D2158BCC}.Debug|Any CPU.Build.0 = Debug|Any CPU
		{B9CD1425-26CA-40AB-B99B-8423D2158BCC}.Release|Any CPU.ActiveCfg = Release|Any CPU
		{B9CD1425-26CA-40AB-B99B-8423D2158BCC}.Release|Any CPU.Build.0 = Release|Any CPU
		{314B58AE-A104-47BF-BE83-4EA094679195}.Debug|Any CPU.ActiveCfg = Debug|Any CPU
		{314B58AE-A104-47BF-BE83-4EA094679195}.Debug|Any CPU.Build.0 = Debug|Any CPU
		{314B58AE-A104-47BF-BE83-4EA094679195}.Release|Any CPU.ActiveCfg = Release|Any CPU
		{314B58AE-A104-47BF-BE83-4EA094679195}.Release|Any CPU.Build.0 = Release|Any CPU
		{33CEFBC8-C76B-477C-88EA-CBC43827BCAF}.Debug|Any CPU.ActiveCfg = Debug|Any CPU
		{33CEFBC8-C76B-477C-88EA-CBC43827BCAF}.Debug|Any CPU.Build.0 = Debug|Any CPU
		{33CEFBC8-C76B-477C-88EA-CBC43827BCAF}.Release|Any CPU.ActiveCfg = Release|Any CPU
		{33CEFBC8-C76B-477C-88EA-CBC43827BCAF}.Release|Any CPU.Build.0 = Release|Any CPU
		{A72D0F19-21D1-471C-AD66-5CE4FA35D4EF}.Debug|Any CPU.ActiveCfg = Debug|Any CPU
		{A72D0F19-21D1-471C-AD66-5CE4FA35D4EF}.Debug|Any CPU.Build.0 = Debug|Any CPU
		{A72D0F19-21D1-471C-AD66-5CE4FA35D4EF}.Release|Any CPU.ActiveCfg = Release|Any CPU
		{A72D0F19-21D1-471C-AD66-5CE4FA35D4EF}.Release|Any CPU.Build.0 = Release|Any CPU
		{D6D1C66B-2CF6-4C86-A09D-4A9ADF8115F6}.Debug|Any CPU.ActiveCfg = Debug|Any CPU
		{D6D1C66B-2CF6-4C86-A09D-4A9ADF8115F6}.Debug|Any CPU.Build.0 = Debug|Any CPU
		{D6D1C66B-2CF6-4C86-A09D-4A9ADF8115F6}.Release|Any CPU.ActiveCfg = Release|Any CPU
		{D6D1C66B-2CF6-4C86-A09D-4A9ADF8115F6}.Release|Any CPU.Build.0 = Release|Any CPU
		{0A3D7B3B-6C5A-4156-8A9B-9CC039CC28D2}.Debug|Any CPU.ActiveCfg = Debug|Any CPU
		{0A3D7B3B-6C5A-4156-8A9B-9CC039CC28D2}.Debug|Any CPU.Build.0 = Debug|Any CPU
		{0A3D7B3B-6C5A-4156-8A9B-9CC039CC28D2}.Release|Any CPU.ActiveCfg = Release|Any CPU
		{0A3D7B3B-6C5A-4156-8A9B-9CC039CC28D2}.Release|Any CPU.Build.0 = Release|Any CPU
		{605FA963-5F66-440B-ABC8-89612491ABC6}.Debug|Any CPU.ActiveCfg = Debug|Any CPU
		{605FA963-5F66-440B-ABC8-89612491ABC6}.Debug|Any CPU.Build.0 = Debug|Any CPU
		{605FA963-5F66-440B-ABC8-89612491ABC6}.Release|Any CPU.ActiveCfg = Release|Any CPU
		{605FA963-5F66-440B-ABC8-89612491ABC6}.Release|Any CPU.Build.0 = Release|Any CPU
		{4D801873-B04A-4FB6-9D9E-A99812600971}.Debug|Any CPU.ActiveCfg = Debug|Any CPU
		{4D801873-B04A-4FB6-9D9E-A99812600971}.Debug|Any CPU.Build.0 = Debug|Any CPU
		{4D801873-B04A-4FB6-9D9E-A99812600971}.Release|Any CPU.ActiveCfg = Release|Any CPU
		{4D801873-B04A-4FB6-9D9E-A99812600971}.Release|Any CPU.Build.0 = Release|Any CPU
		{263FC544-8F1B-4734-83D5-976364887CCF}.Debug|Any CPU.ActiveCfg = Debug|Any CPU
		{263FC544-8F1B-4734-83D5-976364887CCF}.Debug|Any CPU.Build.0 = Debug|Any CPU
		{263FC544-8F1B-4734-83D5-976364887CCF}.Release|Any CPU.ActiveCfg = Release|Any CPU
		{263FC544-8F1B-4734-83D5-976364887CCF}.Release|Any CPU.Build.0 = Release|Any CPU
		{8DC854F8-6A20-4852-ACEF-F72A1B91D412}.Debug|Any CPU.ActiveCfg = Debug|Any CPU
		{8DC854F8-6A20-4852-ACEF-F72A1B91D412}.Debug|Any CPU.Build.0 = Debug|Any CPU
		{8DC854F8-6A20-4852-ACEF-F72A1B91D412}.Release|Any CPU.ActiveCfg = Release|Any CPU
		{8DC854F8-6A20-4852-ACEF-F72A1B91D412}.Release|Any CPU.Build.0 = Release|Any CPU
		{38A5B41E-75F0-4761-A208-7E9CFE82A85A}.Debug|Any CPU.ActiveCfg = Debug|Any CPU
		{38A5B41E-75F0-4761-A208-7E9CFE82A85A}.Debug|Any CPU.Build.0 = Debug|Any CPU
		{38A5B41E-75F0-4761-A208-7E9CFE82A85A}.Release|Any CPU.ActiveCfg = Release|Any CPU
		{38A5B41E-75F0-4761-A208-7E9CFE82A85A}.Release|Any CPU.Build.0 = Release|Any CPU
		{8B973E9C-538A-400F-9C17-0D2BEB0BB51F}.Debug|Any CPU.ActiveCfg = Debug|Any CPU
		{8B973E9C-538A-400F-9C17-0D2BEB0BB51F}.Debug|Any CPU.Build.0 = Debug|Any CPU
		{8B973E9C-538A-400F-9C17-0D2BEB0BB51F}.Release|Any CPU.ActiveCfg = Release|Any CPU
		{8B973E9C-538A-400F-9C17-0D2BEB0BB51F}.Release|Any CPU.Build.0 = Release|Any CPU
		{52A32864-959E-4845-A778-C008C9B2DB4A}.Debug|Any CPU.ActiveCfg = Debug|Any CPU
		{52A32864-959E-4845-A778-C008C9B2DB4A}.Debug|Any CPU.Build.0 = Debug|Any CPU
		{52A32864-959E-4845-A778-C008C9B2DB4A}.Release|Any CPU.ActiveCfg = Release|Any CPU
		{52A32864-959E-4845-A778-C008C9B2DB4A}.Release|Any CPU.Build.0 = Release|Any CPU
		{5E6D11A4-BC2C-4779-B93C-FBDD606DE702}.Debug|Any CPU.ActiveCfg = Debug|Any CPU
		{5E6D11A4-BC2C-4779-B93C-FBDD606DE702}.Debug|Any CPU.Build.0 = Debug|Any CPU
		{5E6D11A4-BC2C-4779-B93C-FBDD606DE702}.Release|Any CPU.ActiveCfg = Release|Any CPU
		{5E6D11A4-BC2C-4779-B93C-FBDD606DE702}.Release|Any CPU.Build.0 = Release|Any CPU
		{0F1F4DFB-313E-45A0-8225-4166C65355D7}.Debug|Any CPU.ActiveCfg = Debug|Any CPU
		{0F1F4DFB-313E-45A0-8225-4166C65355D7}.Debug|Any CPU.Build.0 = Debug|Any CPU
		{0F1F4DFB-313E-45A0-8225-4166C65355D7}.Release|Any CPU.ActiveCfg = Release|Any CPU
		{0F1F4DFB-313E-45A0-8225-4166C65355D7}.Release|Any CPU.Build.0 = Release|Any CPU
		{7DAF013D-34FD-4879-AC65-104B68E1DF78}.Debug|Any CPU.ActiveCfg = Debug|Any CPU
		{7DAF013D-34FD-4879-AC65-104B68E1DF78}.Debug|Any CPU.Build.0 = Debug|Any CPU
		{7DAF013D-34FD-4879-AC65-104B68E1DF78}.Release|Any CPU.ActiveCfg = Release|Any CPU
		{7DAF013D-34FD-4879-AC65-104B68E1DF78}.Release|Any CPU.Build.0 = Release|Any CPU
		{256C205F-BFF0-4B38-98CC-5013928156BB}.Debug|Any CPU.ActiveCfg = Debug|Any CPU
		{256C205F-BFF0-4B38-98CC-5013928156BB}.Debug|Any CPU.Build.0 = Debug|Any CPU
		{256C205F-BFF0-4B38-98CC-5013928156BB}.Release|Any CPU.ActiveCfg = Release|Any CPU
		{256C205F-BFF0-4B38-98CC-5013928156BB}.Release|Any CPU.Build.0 = Release|Any CPU
		{482C5E44-27FC-4FEB-9EDA-5B7217E5C89D}.Debug|Any CPU.ActiveCfg = Debug|Any CPU
		{482C5E44-27FC-4FEB-9EDA-5B7217E5C89D}.Debug|Any CPU.Build.0 = Debug|Any CPU
		{482C5E44-27FC-4FEB-9EDA-5B7217E5C89D}.Release|Any CPU.ActiveCfg = Release|Any CPU
		{482C5E44-27FC-4FEB-9EDA-5B7217E5C89D}.Release|Any CPU.Build.0 = Release|Any CPU
		{5142C12D-F6E3-4E9A-8320-BD636DE1119A}.Debug|Any CPU.ActiveCfg = Debug|Any CPU
		{5142C12D-F6E3-4E9A-8320-BD636DE1119A}.Debug|Any CPU.Build.0 = Debug|Any CPU
		{5142C12D-F6E3-4E9A-8320-BD636DE1119A}.Release|Any CPU.ActiveCfg = Release|Any CPU
		{5142C12D-F6E3-4E9A-8320-BD636DE1119A}.Release|Any CPU.Build.0 = Release|Any CPU
		{F3CDCA95-FE34-482E-81A1-449BD11CE4C7}.Debug|Any CPU.ActiveCfg = Debug|Any CPU
		{F3CDCA95-FE34-482E-81A1-449BD11CE4C7}.Debug|Any CPU.Build.0 = Debug|Any CPU
		{F3CDCA95-FE34-482E-81A1-449BD11CE4C7}.Release|Any CPU.ActiveCfg = Release|Any CPU
		{F3CDCA95-FE34-482E-81A1-449BD11CE4C7}.Release|Any CPU.Build.0 = Release|Any CPU
		{74009343-1FE4-4002-8DA4-6A5AFA271337}.Debug|Any CPU.ActiveCfg = Debug|Any CPU
		{74009343-1FE4-4002-8DA4-6A5AFA271337}.Debug|Any CPU.Build.0 = Debug|Any CPU
		{74009343-1FE4-4002-8DA4-6A5AFA271337}.Release|Any CPU.ActiveCfg = Release|Any CPU
		{74009343-1FE4-4002-8DA4-6A5AFA271337}.Release|Any CPU.Build.0 = Release|Any CPU
		{6FF8D311-5D87-42BC-8E88-EF6350576C0F}.Debug|Any CPU.ActiveCfg = Debug|Any CPU
		{6FF8D311-5D87-42BC-8E88-EF6350576C0F}.Debug|Any CPU.Build.0 = Debug|Any CPU
		{6FF8D311-5D87-42BC-8E88-EF6350576C0F}.Release|Any CPU.ActiveCfg = Release|Any CPU
		{6FF8D311-5D87-42BC-8E88-EF6350576C0F}.Release|Any CPU.Build.0 = Release|Any CPU
		{635E650D-2326-420F-BFF2-8D82F1547437}.Debug|Any CPU.ActiveCfg = Debug|Any CPU
		{635E650D-2326-420F-BFF2-8D82F1547437}.Debug|Any CPU.Build.0 = Debug|Any CPU
		{635E650D-2326-420F-BFF2-8D82F1547437}.Release|Any CPU.ActiveCfg = Release|Any CPU
		{635E650D-2326-420F-BFF2-8D82F1547437}.Release|Any CPU.Build.0 = Release|Any CPU
		{7E92BD7A-13DB-4636-933D-A9AF1EBA6735}.Debug|Any CPU.ActiveCfg = Debug|Any CPU
		{7E92BD7A-13DB-4636-933D-A9AF1EBA6735}.Debug|Any CPU.Build.0 = Debug|Any CPU
		{7E92BD7A-13DB-4636-933D-A9AF1EBA6735}.Release|Any CPU.ActiveCfg = Release|Any CPU
		{7E92BD7A-13DB-4636-933D-A9AF1EBA6735}.Release|Any CPU.Build.0 = Release|Any CPU
		{4F46DFA1-A7D5-4006-9EB7-FCBDFEC2FFA1}.Debug|Any CPU.ActiveCfg = Debug|Any CPU
		{4F46DFA1-A7D5-4006-9EB7-FCBDFEC2FFA1}.Debug|Any CPU.Build.0 = Debug|Any CPU
		{4F46DFA1-A7D5-4006-9EB7-FCBDFEC2FFA1}.Release|Any CPU.ActiveCfg = Release|Any CPU
		{4F46DFA1-A7D5-4006-9EB7-FCBDFEC2FFA1}.Release|Any CPU.Build.0 = Release|Any CPU
		{FF092004-3B95-4B4D-A089-8545A6C32413}.Debug|Any CPU.ActiveCfg = Debug|Any CPU
		{FF092004-3B95-4B4D-A089-8545A6C32413}.Debug|Any CPU.Build.0 = Debug|Any CPU
		{FF092004-3B95-4B4D-A089-8545A6C32413}.Release|Any CPU.ActiveCfg = Release|Any CPU
		{FF092004-3B95-4B4D-A089-8545A6C32413}.Release|Any CPU.Build.0 = Release|Any CPU
		{8C3FA48C-26A2-4686-80E9-4E8F5724A73B}.Debug|Any CPU.ActiveCfg = Debug|Any CPU
		{8C3FA48C-26A2-4686-80E9-4E8F5724A73B}.Debug|Any CPU.Build.0 = Debug|Any CPU
		{8C3FA48C-26A2-4686-80E9-4E8F5724A73B}.Release|Any CPU.ActiveCfg = Release|Any CPU
		{8C3FA48C-26A2-4686-80E9-4E8F5724A73B}.Release|Any CPU.Build.0 = Release|Any CPU
		{CA97C4FD-7340-4FBE-B37D-6A76288D8A26}.Debug|Any CPU.ActiveCfg = Debug|Any CPU
		{CA97C4FD-7340-4FBE-B37D-6A76288D8A26}.Debug|Any CPU.Build.0 = Debug|Any CPU
		{CA97C4FD-7340-4FBE-B37D-6A76288D8A26}.Release|Any CPU.ActiveCfg = Release|Any CPU
		{CA97C4FD-7340-4FBE-B37D-6A76288D8A26}.Release|Any CPU.Build.0 = Release|Any CPU
		{0C5572A2-EC38-45CC-9F73-E23FDF4E25DB}.Debug|Any CPU.ActiveCfg = Debug|Any CPU
		{0C5572A2-EC38-45CC-9F73-E23FDF4E25DB}.Debug|Any CPU.Build.0 = Debug|Any CPU
		{0C5572A2-EC38-45CC-9F73-E23FDF4E25DB}.Release|Any CPU.ActiveCfg = Release|Any CPU
		{0C5572A2-EC38-45CC-9F73-E23FDF4E25DB}.Release|Any CPU.Build.0 = Release|Any CPU
	EndGlobalSection
	GlobalSection(SolutionProperties) = preSolution
		HideSolutionNode = FALSE
	EndGlobalSection
	GlobalSection(NestedProjects) = preSolution
		{321915D8-8438-4C9D-B2BF-25A14C044047} = {19AA5D2C-42C4-43FC-AF59-82456D298E60}
		{BF317BCE-33AE-4203-9154-CBEBA6574327} = {19AA5D2C-42C4-43FC-AF59-82456D298E60}
		{DC35FFEE-72CD-4908-B62A-8A4E99B77A16} = {19AA5D2C-42C4-43FC-AF59-82456D298E60}
		{02C932F4-0199-45EA-BEBF-7CEC492C1A88} = {19AA5D2C-42C4-43FC-AF59-82456D298E60}
		{717D8DF3-014C-4CF0-9891-04FEC1ABD242} = {913E15FA-3481-41BD-8F2C-64245521A8F9}
		{913E15FA-3481-41BD-8F2C-64245521A8F9} = {BF317BCE-33AE-4203-9154-CBEBA6574327}
		{D75B39C3-B918-495F-A7BE-054577EBB9C7} = {BF317BCE-33AE-4203-9154-CBEBA6574327}
		{A371C00F-B097-4AF3-BE88-D83D30A6C3E6} = {BF317BCE-33AE-4203-9154-CBEBA6574327}
		{8DB2B435-9C0E-4C8D-BDD0-235C328175F4} = {BF317BCE-33AE-4203-9154-CBEBA6574327}
		{07272010-C681-4D68-8079-A67D2DB62E99} = {8DB2B435-9C0E-4C8D-BDD0-235C328175F4}
		{6009A896-9E90-4BBB-BE29-C54C9D5B66C8} = {A371C00F-B097-4AF3-BE88-D83D30A6C3E6}
		{C325F411-C552-4234-8BFF-25DAA6401168} = {D75B39C3-B918-495F-A7BE-054577EBB9C7}
		{B7FB239D-C8CF-439D-9069-EA1588B2733B} = {19AA5D2C-42C4-43FC-AF59-82456D298E60}
		{A9C6A596-A395-42E8-8545-35F2D04AF58F} = {B7FB239D-C8CF-439D-9069-EA1588B2733B}
		{95A3FC12-CCE0-4723-822B-B2CEBD33BD97} = {B7FB239D-C8CF-439D-9069-EA1588B2733B}
		{B9CD1425-26CA-40AB-B99B-8423D2158BCC} = {B7FB239D-C8CF-439D-9069-EA1588B2733B}
		{314B58AE-A104-47BF-BE83-4EA094679195} = {D75B39C3-B918-495F-A7BE-054577EBB9C7}
		{B44413D7-5794-4BFD-9ACE-561069876BE6} = {BF317BCE-33AE-4203-9154-CBEBA6574327}
		{33CEFBC8-C76B-477C-88EA-CBC43827BCAF} = {B44413D7-5794-4BFD-9ACE-561069876BE6}
		{A72D0F19-21D1-471C-AD66-5CE4FA35D4EF} = {4AA39A77-75B2-4CA8-A76A-426F4772CC3E}
		{8666987E-8A34-438D-8AD7-2ECD269FF7E5} = {BF317BCE-33AE-4203-9154-CBEBA6574327}
		{D6D1C66B-2CF6-4C86-A09D-4A9ADF8115F6} = {8666987E-8A34-438D-8AD7-2ECD269FF7E5}
		{514BA41E-2067-4177-B10C-CC1AB41D0046} = {DC35FFEE-72CD-4908-B62A-8A4E99B77A16}
		{5DFD5994-4391-4B4D-B124-ECFF1108E59C} = {DC35FFEE-72CD-4908-B62A-8A4E99B77A16}
		{D9D30C19-EC0A-4816-A833-8EF1FC983A16} = {DC35FFEE-72CD-4908-B62A-8A4E99B77A16}
		{1EF54984-66FC-4684-850F-C28E2B6E4149} = {DC35FFEE-72CD-4908-B62A-8A4E99B77A16}
		{0A3D7B3B-6C5A-4156-8A9B-9CC039CC28D2} = {1EF54984-66FC-4684-850F-C28E2B6E4149}
		{605FA963-5F66-440B-ABC8-89612491ABC6} = {D9D30C19-EC0A-4816-A833-8EF1FC983A16}
		{4D801873-B04A-4FB6-9D9E-A99812600971} = {5DFD5994-4391-4B4D-B124-ECFF1108E59C}
		{263FC544-8F1B-4734-83D5-976364887CCF} = {5DFD5994-4391-4B4D-B124-ECFF1108E59C}
		{8DC854F8-6A20-4852-ACEF-F72A1B91D412} = {514BA41E-2067-4177-B10C-CC1AB41D0046}
		{D5605ACD-7DE6-43AF-8893-80A2EC8AE8A6} = {02C932F4-0199-45EA-BEBF-7CEC492C1A88}
		{F979F47C-814D-4318-B70E-942852CBBA6C} = {02C932F4-0199-45EA-BEBF-7CEC492C1A88}
		{BEF41724-2582-4ECB-816A-43FB0E550B28} = {02C932F4-0199-45EA-BEBF-7CEC492C1A88}
		{0CAEA01B-CFF5-4B9E-8427-43C49F065F2F} = {02C932F4-0199-45EA-BEBF-7CEC492C1A88}
		{38A5B41E-75F0-4761-A208-7E9CFE82A85A} = {0CAEA01B-CFF5-4B9E-8427-43C49F065F2F}
		{9FAA7D99-9CB4-4788-81E1-9363AE16B160} = {02C932F4-0199-45EA-BEBF-7CEC492C1A88}
		{8B973E9C-538A-400F-9C17-0D2BEB0BB51F} = {9FAA7D99-9CB4-4788-81E1-9363AE16B160}
		{52A32864-959E-4845-A778-C008C9B2DB4A} = {F979F47C-814D-4318-B70E-942852CBBA6C}
		{5E6D11A4-BC2C-4779-B93C-FBDD606DE702} = {F979F47C-814D-4318-B70E-942852CBBA6C}
		{0F1F4DFB-313E-45A0-8225-4166C65355D7} = {BEF41724-2582-4ECB-816A-43FB0E550B28}
		{7DAF013D-34FD-4879-AC65-104B68E1DF78} = {D5605ACD-7DE6-43AF-8893-80A2EC8AE8A6}
		{256C205F-BFF0-4B38-98CC-5013928156BB} = {F979F47C-814D-4318-B70E-942852CBBA6C}
		{49ED4A37-DED8-4DB9-ADA9-F9924C92B9E3} = {BF317BCE-33AE-4203-9154-CBEBA6574327}
		{482C5E44-27FC-4FEB-9EDA-5B7217E5C89D} = {49ED4A37-DED8-4DB9-ADA9-F9924C92B9E3}
		{8311BA06-A99E-45B8-ACAD-62912281080D} = {321915D8-8438-4C9D-B2BF-25A14C044047}
		{ED375001-FACB-4B4E-A0B2-B090B453CEFA} = {321915D8-8438-4C9D-B2BF-25A14C044047}
		{4A866D76-80F8-42CC-887D-9A644C17DBA5} = {321915D8-8438-4C9D-B2BF-25A14C044047}
		{ED99E354-4C02-49E1-842A-04F63C183914} = {321915D8-8438-4C9D-B2BF-25A14C044047}
		{C6519234-BD5E-474B-8FDA-48226D6BF739} = {321915D8-8438-4C9D-B2BF-25A14C044047}
		{5142C12D-F6E3-4E9A-8320-BD636DE1119A} = {ED99E354-4C02-49E1-842A-04F63C183914}
		{F3CDCA95-FE34-482E-81A1-449BD11CE4C7} = {4A866D76-80F8-42CC-887D-9A644C17DBA5}
		{74009343-1FE4-4002-8DA4-6A5AFA271337} = {ED375001-FACB-4B4E-A0B2-B090B453CEFA}
		{6FF8D311-5D87-42BC-8E88-EF6350576C0F} = {ED375001-FACB-4B4E-A0B2-B090B453CEFA}
		{635E650D-2326-420F-BFF2-8D82F1547437} = {8311BA06-A99E-45B8-ACAD-62912281080D}
		{2B4E662D-0FB3-40FA-BADA-49AD00DE9F22} = {34B9E960-C3D9-4ED6-9FF6-392A283CAED6}
		{7E92BD7A-13DB-4636-933D-A9AF1EBA6735} = {2B4E662D-0FB3-40FA-BADA-49AD00DE9F22}
		{4F46DFA1-A7D5-4006-9EB7-FCBDFEC2FFA1} = {34B9E960-C3D9-4ED6-9FF6-392A283CAED6}
		{FF092004-3B95-4B4D-A089-8545A6C32413} = {34B9E960-C3D9-4ED6-9FF6-392A283CAED6}
		{8C3FA48C-26A2-4686-80E9-4E8F5724A73B} = {E130ACF4-4740-43A4-A385-9ECE6B3DB376}
		{CA97C4FD-7340-4FBE-B37D-6A76288D8A26} = {E130ACF4-4740-43A4-A385-9ECE6B3DB376}
		{0C5572A2-EC38-45CC-9F73-E23FDF4E25DB} = {2B4E662D-0FB3-40FA-BADA-49AD00DE9F22}
	EndGlobalSection
	GlobalSection(ExtensibilityGlobals) = postSolution
		SolutionGuid = {25CC67C7-076F-4D84-B5AC-54A00F6CE9EA}
	EndGlobalSection
EndGlobal
